{
  "originHash" : "e139f2cc784fb1f1a850d5befe6e1ee216d046e192dc8141b0f88412a168dcd9",
  "pins" : [
    {
      "identity" : "securescreenkit",
      "kind" : "remoteSourceControl",
      "location" : "https://github.com/SameerNadaf/SecureScreenKit.git",
      "state" : {
        "revision" : "81072f28353a17830d04fb5c5fa23e3e27513cc9",
        "version" : "1.1.1"
      }
    }
  ],
  "version" : 3
}
